
Microsoft Visual Studio Solution File, Format Version 12.00
# Visual Studio 15
VisualStudioVersion = 15.0.27703.2000
MinimumVisualStudioVersion = 10.0.40219.1
Project("{FAE04EC0-301F-11D3-BF4B-00C04F79EFBC}") = "EntityFrameworkConsole", "EntityFrameworkConsole\EntityFrameworkConsole.csproj", "{3588FF5F-824C-4C60-AB2C-B939A2FFA72D}"
EndProject
Global
	GlobalSection(SolutionConfigurationPlatforms) = preSolution
		Debug|Any CPU = Debug|Any CPU
		Release|Any CPU = Release|Any CPU
	EndGlobalSection
	GlobalSection(ProjectConfigurationPlatforms) = postSolution
		{3588FF5F-824C-4C60-AB2C-B939A2FFA72D}.Debug|Any CPU.ActiveCfg = Debug|Any CPU
		{3588FF5F-824C-4C60-AB2C-B939A2FFA72D}.Debug|Any CPU.Build.0 = Debug|Any CPU
		{3588FF5F-824C-4C60-AB2C-B939A2FFA72D}.Release|Any CPU.ActiveCfg = Release|Any CPU
		{3588FF5F-824C-4C60-AB2C-B939A2FFA72D}.Release|Any CPU.Build.0 = Release|Any CPU
	EndGlobalSection
	GlobalSection(SolutionProperties) = preSolution
		HideSolutionNode = FALSE
	EndGlobalSection
	GlobalSection(ExtensibilityGlobals) = postSolution
		SolutionGuid = {5941E405-EF33-4682-9CC3-FE04F3D73F48}
	EndGlobalSection
EndGlobal
